// !$*UTF8*$!
{
	archiveVersion = 1;
	classes = {
	};
	objectVersion = 46;
	objects = {

/* Begin PBXBuildFile section */
		FB1415291F5B76CA00EAF89D /* AppDelegate.swift in Sources */ = {isa = PBXBuildFile; fileRef = FB1415281F5B76CA00EAF89D /* AppDelegate.swift */; };
		FB14152B1F5B76CA00EAF89D /* ViewController.swift in Sources */ = {isa = PBXBuildFile; fileRef = FB14152A1F5B76CA00EAF89D /* ViewController.swift */; };
		FB14152E1F5B76CA00EAF89D /* Main.storyboard in Resources */ = {isa = PBXBuildFile; fileRef = FB14152C1F5B76CA00EAF89D /* Main.storyboard */; };
		FB1415301F5B76CA00EAF89D /* Assets.xcassets in Resources */ = {isa = PBXBuildFile; fileRef = FB14152F1F5B76CA00EAF89D /* Assets.xcassets */; };
		FB1415331F5B76CA00EAF89D /* LaunchScreen.storyboard in Resources */ = {isa = PBXBuildFile; fileRef = FB1415311F5B76CA00EAF89D /* LaunchScreen.storyboard */; };
		FB14153E1F5DC84200EAF89D /* CalculatorModelBrain.swift in Sources */ = {isa = PBXBuildFile; fileRef = FB14153D1F5DC84200EAF89D /* CalculatorModelBrain.swift */; };
/* End PBXBuildFile section */

/* Begin PBXFileReference section */
		FB1415251F5B76CA00EAF89D /* iOSCalculator.app */ = {isa = PBXFileReference; explicitFileType = wrapper.application; includeInIndex = 0; path = iOSCalculator.app; sourceTree = BUILT_PRODUCTS_DIR; };
		FB1415281F5B76CA00EAF89D /* AppDelegate.swift */ = {isa = PBXFileReference; lastKnownFileType = sourcecode.swift; path = AppDelegate.swift; sourceTree = "<group>"; };
		FB14152A1F5B76CA00EAF89D /* ViewController.swift */ = {isa = PBXFileReference; lastKnownFileType = sourcecode.swift; path = ViewController.swift; sourceTree = "<group>"; };
		FB14152D1F5B76CA00EAF89D /* Base */ = {isa = PBXFileReference; lastKnownFileType = file.storyboard; name = Base; path = Base.lproj/Main.storyboard; sourceTree = "<group>"; };
		FB14152F1F5B76CA00EAF89D /* Assets.xcassets */ = {isa = PBXFileReference; lastKnownFileType = folder.assetcatalog; path = Assets.xcassets; sourceTree = "<group>"; };
		FB1415321F5B76CA00EAF89D /* Base */ = {isa = PBXFileReference; lastKnownFileType = file.storyboard; name = Base; path = Base.lproj/LaunchScreen.storyboard; sourceTree = "<group>"; };
		FB1415341F5B76CA00EAF89D /* Info.plist */ = {isa = PBXFileReference; lastKnownFileType = text.plist.xml; path = Info.plist; sourceTree = "<group>"; };
		FB14153D1F5DC84200EAF89D /* CalculatorModelBrain.swift */ = {isa = PBXFileReference; fileEncoding = 4; lastKnownFileType = sourcecode.swift; path = CalculatorModelBrain.swift; sourceTree = "<group>"; };
/* End PBXFileReference section */

/* Begin PBXFrameworksBuildPhase section */
		FB1415221F5B76CA00EAF89D /* Frameworks */ = {
			isa = PBXFrameworksBuildPhase;
			buildActionMask = 2147483647;
			files = (
			);
			runOnlyForDeploymentPostprocessing = 0;
		};
/* End PBXFrameworksBuildPhase section */

/* Begin PBXGroup section */
		FB14151C1F5B76CA00EAF89D = {
			isa = PBXGroup;
			children = (
				FB1415271F5B76CA00EAF89D /* iOSCalculator */,
				FB1415261F5B76CA00EAF89D /* Products */,
			);
			sourceTree = "<group>";
		};
		FB1415261F5B76CA00EAF89D /* Products */ = {
			isa = PBXGroup;
			children = (
				FB1415251F5B76CA00EAF89D /* iOSCalculator.app */,
			);
			name = Products;
			sourceTree = "<group>";
		};
		FB1415271F5B76CA00EAF89D /* iOSCalculator */ = {
			isa = PBXGroup;
			children = (
				FB14153A1F5B79B400EAF89D /* Supporting Files */,
				FB14152A1F5B76CA00EAF89D /* ViewController.swift */,
				FB14152C1F5B76CA00EAF89D /* Main.storyboard */,
				FB14153D1F5DC84200EAF89D /* CalculatorModelBrain.swift */,
			);
			path = iOSCalculator;
			sourceTree = "<group>";
		};
		FB14153A1F5B79B400EAF89D /* Supporting Files */ = {
			isa = PBXGroup;
			children = (
				FB1415281F5B76CA00EAF89D /* AppDelegate.swift */,
				FB14152F1F5B76CA00EAF89D /* Assets.xcassets */,
				FB1415311F5B76CA00EAF89D /* LaunchScreen.storyboard */,
				FB1415341F5B76CA00EAF89D /* Info.plist */,
			);
			name = "Supporting Files";
			sourceTree = "<group>";
		};
/* End PBXGroup section */

/* Begin PBXNativeTarget section */
		FB1415241F5B76CA00EAF89D /* iOSCalculator */ = {
			isa = PBXNativeTarget;
			buildConfigurationList = FB1415371F5B76CA00EAF89D /* Build configuration list for PBXNativeTarget "iOSCalculator" */;
			buildPhases = (
				FB1415211F5B76CA00EAF89D /* Sources */,
				FB1415221F5B76CA00EAF89D /* Frameworks */,
				FB1415231F5B76CA00EAF89D /* Resources */,
			);
			buildRules = (
			);
			dependencies = (
			);
			name = iOSCalculator;
			productName = iOSCalculator;
			productReference = FB1415251F5B76CA00EAF89D /* iOSCalculator.app */;
			productType = "com.apple.product-type.application";
		};
/* End PBXNativeTarget section */

/* Begin PBXProject section */
		FB14151D1F5B76CA00EAF89D /* Project object */ = {
			isa = PBXProject;
			attributes = {
				LastSwiftUpdateCheck = 0830;
				LastUpgradeCheck = 0830;
				ORGANIZATIONNAME = com.mikemakeitso;
				TargetAttributes = {
					FB1415241F5B76CA00EAF89D = {
						CreatedOnToolsVersion = 8.3.3;
						DevelopmentTeam = 82569GE3W5;
						ProvisioningStyle = Automatic;
					};
				};
			};
			buildConfigurationList = FB1415201F5B76CA00EAF89D /* Build configuration list for PBXProject "iOSCalculator" */;
			compatibilityVersion = "Xcode 3.2";
			developmentRegion = English;
			hasScannedForEncodings = 0;
			knownRegions = (
				en,
				Base,
			);
			mainGroup = FB14151C1F5B76CA00EAF89D;
			productRefGroup = FB1415261F5B76CA00EAF89D /* Products */;
			projectDirPath = "";
			projectRoot = "";
			targets = (
				FB1415241F5B76CA00EAF89D /* iOSCalculator */,
			);
		};
/* End PBXProject section */

/* Begin PBXResourcesBuildPhase section */
		FB1415231F5B76CA00EAF89D /* Resources */ = {
			isa = PBXResourcesBuildPhase;
			buildActionMask = 2147483647;
			files = (
				FB1415331F5B76CA00EAF89D /* LaunchScreen.storyboard in Resources */,
				FB1415301F5B76CA00EAF89D /* Assets.xcassets in Resources */,
				FB14152E1F5B76CA00EAF89D /* Main.storyboard in Resources */,
			);
			runOnlyForDeploymentPostprocessing = 0;
		};
/* End PBXResourcesBuildPhase section */

/* Begin PBXSourcesBuildPhase section */
		FB1415211F5B76CA00EAF89D /* Sources */ = {
			isa = PBXSourcesBuildPhase;
			buildActionMask = 2147483647;
			files = (
				FB14152B1F5B76CA00EAF89D /* ViewController.swift in Sources */,
				FB14153E1F5DC84200EAF89D /* CalculatorModelBrain.swift in Sources */,
				FB1415291F5B76CA00EAF89D /* AppDelegate.swift in Sources */,
			);
			runOnlyForDeploymentPostprocessing = 0;
		};
/* End PBXSourcesBuildPhase section */

/* Begin PBXVariantGroup section */
		FB14152C1F5B76CA00EAF89D /* Main.storyboard */ = {
			isa = PBXVariantGroup;
			children = (
				FB14152D1F5B76CA00EAF89D /* Base */,
			);
			name = Main.storyboard;
			sourceTree = "<group>";
		};
		FB1415311F5B76CA00EAF89D /* LaunchScreen.storyboard */ = {
			isa = PBXVariantGroup;
			children = (
				FB1415321F5B76CA00EAF89D /* Base */,
			);
			name = LaunchScreen.storyboard;
			sourceTree = "<group>";
		};
/* End PBXVariantGroup section */

/* Begin XCBuildConfiguration section */
		FB1415351F5B76CA00EAF89D /* Debug */ = {
			isa = XCBuildConfiguration;
			buildSettings = {
				ALWAYS_SEARCH_USER_PATHS = NO;
				CLANG_ANALYZER_NONNULL = YES;
				CLANG_ANALYZER_NUMBER_OBJECT_CONVERSION = YES_AGGRESSIVE;
				CLANG_CXX_LANGUAGE_STANDARD = "gnu++0x";
				CLANG_CXX_LIBRARY = "libc++";
				CLANG_ENABLE_MODULES = YES;
				CLANG_ENABLE_OBJC_ARC = YES;
				CLANG_WARN_BOOL_CONVERSION = YES;
				CLANG_WARN_CONSTANT_CONVERSION = YES;
				CLANG_WARN_DIRECT_OBJC_ISA_USAGE = YES_ERROR;
				CLANG_WARN_DOCUMENTATION_COMMENTS = YES;
				CLANG_WARN_EMPTY_BODY = YES;
				CLANG_WARN_ENUM_CONVERSION = YES;
				CLANG_WARN_INFINITE_RECURSION = YES;
				CLANG_WARN_INT_CONVERSION = YES;
				CLANG_WARN_OBJC_ROOT_CLASS = YES_ERROR;
				CLANG_WARN_SUSPICIOUS_MOVE = YES;
				CLANG_WARN_UNREACHABLE_CODE = YES;
				CLANG_WARN__DUPLICATE_METHOD_MATCH = YES;
				"CODE_SIGN_IDENTITY[sdk=iphoneos*]" = "iPhone Developer";
				COPY_PHASE_STRIP = NO;
				DEBUG_INFORMATION_FORMAT = dwarf;
				ENABLE_STRICT_OBJC_MSGSEND = YES;
				ENABLE_TESTABILITY = YES;
				GCC_C_LANGUAGE_STANDARD = gnu99;
				GCC_DYNAMIC_NO_PIC = NO;
				GCC_NO_COMMON_BLOCKS = YES;
				GCC_OPTIMIZATION_LEVEL = 0;
				GCC_PREPROCESSOR_DEFINITIONS = (
					"DEBUG=1",
					"$(inherited)",
				);
				GCC_WARN_64_TO_32_BIT_CONVERSION = YES;
				GCC_WARN_ABOUT_RETURN_TYPE = YES_ERROR;
				GCC_WARN_UNDECLARED_SELECTOR = YES;
				GCC_WARN_UNINITIALIZED_AUTOS = YES_AGGRESSIVE;
				GCC_WARN_UNUSED_FUNCTION = YES;
				GCC_WARN_UNUSED_VARIABLE = YES;
				IPHONEOS_DEPLOYMENT_TARGET = 10.3;
				MTL_ENABLE_DEBUG_INFO = YES;
				ONLY_ACTIVE_ARCH = YES;
				SDKROOT = iphoneos;
				SWIFT_ACTIVE_COMPILATION_CONDITIONS = DEBUG;
				SWIFT_OPTIMIZATION_LEVEL = "-Onone";
				TARGETED_DEVICE_FAMILY = "1,2";
			};
			name = Debug;
		};
		FB1415361F5B76CA00EAF89D /* Release */ = {
			isa = XCBuildConfiguration;
			buildSettings = {
				ALWAYS_SEARCH_USER_PATHS = NO;
				CLANG_ANALYZER_NONNULL = YES;
				CLANG_ANALYZER_NUMBER_OBJECT_CONVERSION = YES_AGGRESSIVE;
				CLANG_CXX_LANGUAGE_STANDARD = "gnu++0x";
				CLANG_CXX_LIBRARY = "libc++";
				CLANG_ENABLE_MODULES = YES;
				CLANG_ENABLE_OBJC_ARC = YES;
				CLANG_WARN_BOOL_CONVERSION = YES;
				CLANG_WARN_CONSTANT_CONVERSION = YES;
				CLANG_WARN_DIRECT_OBJC_ISA_USAGE = YES_ERROR;
				CLANG_WARN_DOCUMENTATION_COMMENTS = YES;
				CLANG_WARN_EMPTY_BODY = YES;
				CLANG_WARN_ENUM_CONVERSION = YES;
				CLANG_WARN_INFINITE_RECURSION = YES;
				CLANG_WARN_INT_CONVERSION = YES;
				CLANG_WARN_OBJC_ROOT_CLASS = YES_ERROR;
				CLANG_WARN_SUSPICIOUS_MOVE = YES;
				CLANG_WARN_UNREACHABLE_CODE = YES;
				CLANG_WARN__DUPLICATE_METHOD_MATCH = YES;
				"CODE_SIGN_IDENTITY[sdk=iphoneos*]" = "iPhone Developer";
				COPY_PHASE_STRIP = NO;
				DEBUG_INFORMATION_FORMAT = "dwarf-with-dsym";
				ENABLE_NS_ASSERTIONS = NO;
				ENABLE_STRICT_OBJC_MSGSEND = YES;
				GCC_C_LANGUAGE_STANDARD = gnu99;
				GCC_NO_COMMON_BLOCKS = YES;
				GCC_WARN_64_TO_32_BIT_CONVERSION = YES;
				GCC_WARN_ABOUT_RETURN_TYPE = YES_ERROR;
				GCC_WARN_UNDECLARED_SELECTOR = YES;
				GCC_WARN_UNINITIALIZED_AUTOS = YES_AGGRESSIVE;
				GCC_WARN_UNUSED_FUNCTION = YES;
				GCC_WARN_UNUSED_VARIABLE = YES;
				IPHONEOS_DEPLOYMENT_TARGET = 10.3;
				MTL_ENABLE_DEBUG_INFO = NO;
				SDKROOT = iphoneos;
				SWIFT_OPTIMIZATION_LEVEL = "-Owholemodule";
				TARGETED_DEVICE_FAMILY = "1,2";
				VALIDATE_PRODUCT = YES;
			};
			name = Release;
		};
		FB1415381F5B76CA00EAF89D /* Debug */ = {
			isa = XCBuildConfiguration;
			buildSettings = {
				ASSETCATALOG_COMPILER_APPICON_NAME = AppIcon;
				CLANG_USE_OPTIMIZATION_PROFILE = YES;
				DEVELOPMENT_TEAM = 82569GE3W5;
				INFOPLIST_FILE = iOSCalculator/Info.plist;
				LD_RUNPATH_SEARCH_PATHS = "$(inherited) @executable_path/Frameworks";
				PRODUCT_BUNDLE_IDENTIFIER = com.mikemakeitso.iOSCalculator;
				PRODUCT_NAME = "$(TARGET_NAME)";
				SWIFT_VERSION = 3.0;
			};
			name = Debug;
		};
		FB1415391F5B76CA00EAF89D /* Release */ = {
			isa = XCBuildConfiguration;
			buildSettings = {
				ASSETCATALOG_COMPILER_APPICON_NAME = AppIcon;
				CLANG_USE_OPTIMIZATION_PROFILE = YES;
				DEVELOPMENT_TEAM = 82569GE3W5;
				INFOPLIST_FILE = iOSCalculator/Info.plist;
				LD_RUNPATH_SEARCH_PATHS = "$(inherited) @executable_path/Frameworks";
				PRODUCT_BUNDLE_IDENTIFIER = com.mikemakeitso.iOSCalculator;
				PRODUCT_NAME = "$(TARGET_NAME)";
				SWIFT_VERSION = 3.0;
			};
			name = Release;
		};
/* End XCBuildConfiguration section */

/* Begin XCConfigurationList section */
		FB1415201F5B76CA00EAF89D /* Build configuration list for PBXProject "iOSCalculator" */ = {
			isa = XCConfigurationList;
			buildConfigurations = (
				FB1415351F5B76CA00EAF89D /* Debug */,
				FB1415361F5B76CA00EAF89D /* Release */,
			);
			defaultConfigurationIsVisible = 0;
			defaultConfigurationName = Release;
		};
		FB1415371F5B76CA00EAF89D /* Build configuration list for PBXNativeTarget "iOSCalculator" */ = {
			isa = XCConfigurationList;
			buildConfigurations = (
				FB1415381F5B76CA00EAF89D /* Debug */,
				FB1415391F5B76CA00EAF89D /* Release */,
			);
			defaultConfigurationIsVisible = 0;
		};
/* End XCConfigurationList section */
	};
	rootObject = FB14151D1F5B76CA00EAF89D /* Project object */;
}
